<?xml version="1.0" encoding="utf-8"?>
<Project ToolsVersion="4.0" xmlns="http://schemas.microsoft.com/developer/msbuild/2003">
  <ItemGroup>
    <ClCompile Include="main.cpp" />
    <ClCompile Include="remoteinterpreter.cpp" />
    <ClCompile Include="stdafx.cpp" />
    <ClCompile Include="..\Protocol\Src\visualprogram_Protocol.cpp">
      <Filter>Protocol_Src</Filter>
    </ClCompile>
    <ClCompile Include="..\Protocol\Src\visualprogram_ProtocolHandler.cpp">
      <Filter>Protocol_Src</Filter>
    </ClCompile>
  </ItemGroup>
  <ItemGroup>
    <Filter Include="Protocol">
      <UniqueIdentifier>{03a55fe3-7f65-45f5-8e5c-44a4fb9b4a4f}</UniqueIdentifier>
    </Filter>
    <Filter Include="Protocol_Src">
      <UniqueIdentifier>{d97df564-9eb9-4652-bc09-d2892dc03aa6}</UniqueIdentifier>
    </Filter>
  </ItemGroup>
  <ItemGroup>
    <ClInclude Include="marshalling_node.h" />
    <ClInclude Include="remoteinterpreter.h" />
    <ClInclude Include="stdafx.h" />
    <ClInclude Include="webvprog.h" />
    <ClInclude Include="..\Protocol\Src\visualprogram_Protocol.h">
      <Filter>Protocol_Src</Filter>
    </ClInclude>
    <ClInclude Include="..\Protocol\Src\visualprogram_ProtocolData.h">
      <Filter>Protocol_Src</Filter>
    </ClInclude>
    <ClInclude Include="..\Protocol\Src\visualprogram_ProtocolHandler.h">
      <Filter>Protocol_Src</Filter>
    </ClInclude>
  </ItemGroup>
  <ItemGroup>
    <CustomBuild Include="..\Protocol\visualprogram.prt">
      <Filter>Protocol</Filter>
    </CustomBuild>
  </ItemGroup>
</Project>